
Microsoft Visual Studio Solution File, Format Version 12.00
# Visual Studio Version 17
VisualStudioVersion = 17.1.32210.238
MinimumVisualStudioVersion = 10.0.40219.1
Project("{9A19103F-16F7-4668-BE54-9A1E7A4F7556}") = "BowlingBallGame", "BowlingBallGame\BowlingBallGame.csproj", "{B1204CE2-5D7D-4D0F-A0B1-65148983EF96}"
EndProject
Project("{FAE04EC0-301F-11D3-BF4B-00C04F79EFBC}") = "BowlingBall.Tests", "BowlingBall.Tests\BowlingBall.Tests.csproj", "{8B479E4E-F2A0-4DCE-ABF9-025F17E6F36D}"
EndProject
Global
	GlobalSection(SolutionConfigurationPlatforms) = preSolution
		Debug|Any CPU = Debug|Any CPU
		Release|Any CPU = Release|Any CPU
	EndGlobalSection
	GlobalSection(ProjectConfigurationPlatforms) = postSolution
		{B1204CE2-5D7D-4D0F-A0B1-65148983EF96}.Debug|Any CPU.ActiveCfg = Debug|Any CPU
		{B1204CE2-5D7D-4D0F-A0B1-65148983EF96}.Debug|Any CPU.Build.0 = Debug|Any CPU
		{B1204CE2-5D7D-4D0F-A0B1-65148983EF96}.Release|Any CPU.ActiveCfg = Release|Any CPU
		{B1204CE2-5D7D-4D0F-A0B1-65148983EF96}.Release|Any CPU.Build.0 = Release|Any CPU
		{8B479E4E-F2A0-4DCE-ABF9-025F17E6F36D}.Debug|Any CPU.ActiveCfg = Debug|Any CPU
		{8B479E4E-F2A0-4DCE-ABF9-025F17E6F36D}.Debug|Any CPU.Build.0 = Debug|Any CPU
		{8B479E4E-F2A0-4DCE-ABF9-025F17E6F36D}.Release|Any CPU.ActiveCfg = Release|Any CPU
		{8B479E4E-F2A0-4DCE-ABF9-025F17E6F36D}.Release|Any CPU.Build.0 = Release|Any CPU
	EndGlobalSection
	GlobalSection(SolutionProperties) = preSolution
		HideSolutionNode = FALSE
	EndGlobalSection
	GlobalSection(ExtensibilityGlobals) = postSolution
		SolutionGuid = {6992FB8C-64BB-401E-9656-C122E79E21C1}
	EndGlobalSection
EndGlobal
